
Microsoft Visual Studio Solution File, Format Version 12.00
# Visual Studio Version 16
VisualStudioVersion = 16.0.29509.3
MinimumVisualStudioVersion = 10.0.40219.1
Project("{8BC9CEB8-8B4A-11D0-8D11-00A0C91BC942}") = "NativeLibrary", "NativeLibrary\NativeLibrary.vcxproj", "{C914CB7C-4B37-48E9-87E9-FF5939153FC2}"
EndProject
Project("{FAE04EC0-301F-11D3-BF4B-00C04F79EFBC}") = "ConsoleApplication", "ConsoleApplication\ConsoleApplication.csproj", "{8A5DAA5F-8AC8-492B-8245-713EEBCB4BC0}"
	ProjectSection(ProjectDependencies) = postProject
		{C914CB7C-4B37-48E9-87E9-FF5939153FC2} = {C914CB7C-4B37-48E9-87E9-FF5939153FC2}
	EndProjectSection
EndProject
Global
	GlobalSection(SolutionConfigurationPlatforms) = preSolution
		Debug|Any CPU = Debug|Any CPU
		Debug|x64 = Debug|x64
		Debug|x86 = Debug|x86
		Release|Any CPU = Release|Any CPU
		Release|x64 = Release|x64
		Release|x86 = Release|x86
	EndGlobalSection
	GlobalSection(ProjectConfigurationPlatforms) = postSolution
		{C914CB7C-4B37-48E9-87E9-FF5939153FC2}.Debug|Any CPU.ActiveCfg = Debug|Win32
		{C914CB7C-4B37-48E9-87E9-FF5939153FC2}.Debug|x64.ActiveCfg = Debug|x64
		{C914CB7C-4B37-48E9-87E9-FF5939153FC2}.Debug|x64.Build.0 = Debug|x64
		{C914CB7C-4B37-48E9-87E9-FF5939153FC2}.Debug|x86.ActiveCfg = Debug|Win32
		{C914CB7C-4B37-48E9-87E9-FF5939153FC2}.Debug|x86.Build.0 = Debug|Win32
		{C914CB7C-4B37-48E9-87E9-FF5939153FC2}.Release|Any CPU.ActiveCfg = Release|Win32
		{C914CB7C-4B37-48E9-87E9-FF5939153FC2}.Release|x64.ActiveCfg = Release|x64
		{C914CB7C-4B37-48E9-87E9-FF5939153FC2}.Release|x64.Build.0 = Release|x64
		{C914CB7C-4B37-48E9-87E9-FF5939153FC2}.Release|x86.ActiveCfg = Release|Win32
		{C914CB7C-4B37-48E9-87E9-FF5939153FC2}.Release|x86.Build.0 = Release|Win32
		{8A5DAA5F-8AC8-492B-8245-713EEBCB4BC0}.Debug|Any CPU.ActiveCfg = Debug|Any CPU
		{8A5DAA5F-8AC8-492B-8245-713EEBCB4BC0}.Debug|Any CPU.Build.0 = Debug|Any CPU
		{8A5DAA5F-8AC8-492B-8245-713EEBCB4BC0}.Debug|x64.ActiveCfg = Debug|x64
		{8A5DAA5F-8AC8-492B-8245-713EEBCB4BC0}.Debug|x64.Build.0 = Debug|x64
		{8A5DAA5F-8AC8-492B-8245-713EEBCB4BC0}.Debug|x86.ActiveCfg = Debug|Any CPU
		{8A5DAA5F-8AC8-492B-8245-713EEBCB4BC0}.Debug|x86.Build.0 = Debug|Any CPU
		{8A5DAA5F-8AC8-492B-8245-713EEBCB4BC0}.Release|Any CPU.ActiveCfg = Release|Any CPU
		{8A5DAA5F-8AC8-492B-8245-713EEBCB4BC0}.Release|Any CPU.Build.0 = Release|Any CPU
		{8A5DAA5F-8AC8-492B-8245-713EEBCB4BC0}.Release|x64.ActiveCfg = Release|Any CPU
		{8A5DAA5F-8AC8-492B-8245-713EEBCB4BC0}.Release|x64.Build.0 = Release|Any CPU
		{8A5DAA5F-8AC8-492B-8245-713EEBCB4BC0}.Release|x86.ActiveCfg = Release|Any CPU
		{8A5DAA5F-8AC8-492B-8245-713EEBCB4BC0}.Release|x86.Build.0 = Release|Any CPU
	EndGlobalSection
	GlobalSection(SolutionProperties) = preSolution
		HideSolutionNode = FALSE
	EndGlobalSection
	GlobalSection(ExtensibilityGlobals) = postSolution
		SolutionGuid = {9E8D384F-B76E-476D-B4CE-0C1272381FE1}
	EndGlobalSection
EndGlobal
